// !$*UTF8*$!
{
	archiveVersion = 1;
	classes = {
	};
	objectVersion = 56;
	objects = {

/* Begin PBXBuildFile section */
		755605B62BFDC28100E85F3B /* AddEntryView.swift in Sources */ = {isa = PBXBuildFile; fileRef = 755605B52BFDC28100E85F3B /* AddEntryView.swift */; };
		755605B82BFDC73200E85F3B /* LoadingView.swift in Sources */ = {isa = PBXBuildFile; fileRef = 755605B72BFDC73200E85F3B /* LoadingView.swift */; };
		75C78DDD2BFDAF5500569D39 /* MyDiaryFinalApp.swift in Sources */ = {isa = PBXBuildFile; fileRef = 75C78DDC2BFDAF5500569D39 /* MyDiaryFinalApp.swift */; };
		75C78DDF2BFDAF5500569D39 /* ContentView.swift in Sources */ = {isa = PBXBuildFile; fileRef = 75C78DDE2BFDAF5500569D39 /* ContentView.swift */; };
		75C78DE12BFDAF5600569D39 /* Assets.xcassets in Resources */ = {isa = PBXBuildFile; fileRef = 75C78DE02BFDAF5600569D39 /* Assets.xcassets */; };
		75C78DE42BFDAF5600569D39 /* Preview Assets.xcassets in Resources */ = {isa = PBXBuildFile; fileRef = 75C78DE32BFDAF5600569D39 /* Preview Assets.xcassets */; };
		75C78DEB2BFDAF6300569D39 /* JournalEntry.swift in Sources */ = {isa = PBXBuildFile; fileRef = 75C78DEA2BFDAF6300569D39 /* JournalEntry.swift */; };
		75C78DEF2BFDAF9000569D39 /* EntryView.swift in Sources */ = {isa = PBXBuildFile; fileRef = 75C78DEE2BFDAF9000569D39 /* EntryView.swift */; };
		75C78DF12BFDB1FC00569D39 /* JournalStore.swift in Sources */ = {isa = PBXBuildFile; fileRef = 75C78DF02BFDB1FC00569D39 /* JournalStore.swift */; };
		75C78DF32BFDB21200569D39 /* CalendarView.swift in Sources */ = {isa = PBXBuildFile; fileRef = 75C78DF22BFDB21200569D39 /* CalendarView.swift */; };
		75C78DF52BFDB23000569D39 /* ImagePicker.swift in Sources */ = {isa = PBXBuildFile; fileRef = 75C78DF42BFDB23000569D39 /* ImagePicker.swift */; };
		75C78DF72BFDB80A00569D39 /* JournalEntriesView.swift in Sources */ = {isa = PBXBuildFile; fileRef = 75C78DF62BFDB80A00569D39 /* JournalEntriesView.swift */; };
/* End PBXBuildFile section */

/* Begin PBXFileReference section */
		755605B52BFDC28100E85F3B /* AddEntryView.swift */ = {isa = PBXFileReference; lastKnownFileType = sourcecode.swift; path = AddEntryView.swift; sourceTree = "<group>"; };
		755605B72BFDC73200E85F3B /* LoadingView.swift */ = {isa = PBXFileReference; lastKnownFileType = sourcecode.swift; path = LoadingView.swift; sourceTree = "<group>"; };
		75C78DD92BFDAF5500569D39 /* MyDiaryFinal.app */ = {isa = PBXFileReference; explicitFileType = wrapper.application; includeInIndex = 0; path = MyDiaryFinal.app; sourceTree = BUILT_PRODUCTS_DIR; };
		75C78DDC2BFDAF5500569D39 /* MyDiaryFinalApp.swift */ = {isa = PBXFileReference; lastKnownFileType = sourcecode.swift; path = MyDiaryFinalApp.swift; sourceTree = "<group>"; };
		75C78DDE2BFDAF5500569D39 /* ContentView.swift */ = {isa = PBXFileReference; lastKnownFileType = sourcecode.swift; path = ContentView.swift; sourceTree = "<group>"; };
		75C78DE02BFDAF5600569D39 /* Assets.xcassets */ = {isa = PBXFileReference; lastKnownFileType = folder.assetcatalog; path = Assets.xcassets; sourceTree = "<group>"; };
		75C78DE32BFDAF5600569D39 /* Preview Assets.xcassets */ = {isa = PBXFileReference; lastKnownFileType = folder.assetcatalog; path = "Preview Assets.xcassets"; sourceTree = "<group>"; };
		75C78DEA2BFDAF6300569D39 /* JournalEntry.swift */ = {isa = PBXFileReference; lastKnownFileType = sourcecode.swift; path = JournalEntry.swift; sourceTree = "<group>"; };
		75C78DEE2BFDAF9000569D39 /* EntryView.swift */ = {isa = PBXFileReference; lastKnownFileType = sourcecode.swift; path = EntryView.swift; sourceTree = "<group>"; };
		75C78DF02BFDB1FC00569D39 /* JournalStore.swift */ = {isa = PBXFileReference; lastKnownFileType = sourcecode.swift; path = JournalStore.swift; sourceTree = "<group>"; };
		75C78DF22BFDB21200569D39 /* CalendarView.swift */ = {isa = PBXFileReference; lastKnownFileType = sourcecode.swift; path = CalendarView.swift; sourceTree = "<group>"; };
		75C78DF42BFDB23000569D39 /* ImagePicker.swift */ = {isa = PBXFileReference; lastKnownFileType = sourcecode.swift; path = ImagePicker.swift; sourceTree = "<group>"; };
		75C78DF62BFDB80A00569D39 /* JournalEntriesView.swift */ = {isa = PBXFileReference; lastKnownFileType = sourcecode.swift; path = JournalEntriesView.swift; sourceTree = "<group>"; };
/* End PBXFileReference section */

/* Begin PBXFrameworksBuildPhase section */
		75C78DD62BFDAF5500569D39 /* Frameworks */ = {
			isa = PBXFrameworksBuildPhase;
			buildActionMask = 2147483647;
			files = (
			);
			runOnlyForDeploymentPostprocessing = 0;
		};
/* End PBXFrameworksBuildPhase section */

/* Begin PBXGroup section */
		75C78DD02BFDAF5500569D39 = {
			isa = PBXGroup;
			children = (
				75C78DDB2BFDAF5500569D39 /* MyDiaryFinal */,
				75C78DDA2BFDAF5500569D39 /* Products */,
			);
			sourceTree = "<group>";
		};
		75C78DDA2BFDAF5500569D39 /* Products */ = {
			isa = PBXGroup;
			children = (
				75C78DD92BFDAF5500569D39 /* MyDiaryFinal.app */,
			);
			name = Products;
			sourceTree = "<group>";
		};
		75C78DDB2BFDAF5500569D39 /* MyDiaryFinal */ = {
			isa = PBXGroup;
			children = (
				75C78DDC2BFDAF5500569D39 /* MyDiaryFinalApp.swift */,
				75C78DDE2BFDAF5500569D39 /* ContentView.swift */,
				755605B72BFDC73200E85F3B /* LoadingView.swift */,
				75C78DF42BFDB23000569D39 /* ImagePicker.swift */,
				75C78DEA2BFDAF6300569D39 /* JournalEntry.swift */,
				75C78DF62BFDB80A00569D39 /* JournalEntriesView.swift */,
				75C78DF02BFDB1FC00569D39 /* JournalStore.swift */,
				755605B52BFDC28100E85F3B /* AddEntryView.swift */,
				75C78DEE2BFDAF9000569D39 /* EntryView.swift */,
				75C78DF22BFDB21200569D39 /* CalendarView.swift */,
				75C78DE02BFDAF5600569D39 /* Assets.xcassets */,
				75C78DE22BFDAF5600569D39 /* Preview Content */,
			);
			path = MyDiaryFinal;
			sourceTree = "<group>";
		};
		75C78DE22BFDAF5600569D39 /* Preview Content */ = {
			isa = PBXGroup;
			children = (
				75C78DE32BFDAF5600569D39 /* Preview Assets.xcassets */,
			);
			path = "Preview Content";
			sourceTree = "<group>";
		};
/* End PBXGroup section */

/* Begin PBXNativeTarget section */
		75C78DD82BFDAF5500569D39 /* MyDiaryFinal */ = {
			isa = PBXNativeTarget;
			buildConfigurationList = 75C78DE72BFDAF5600569D39 /* Build configuration list for PBXNativeTarget "MyDiaryFinal" */;
			buildPhases = (
				75C78DD52BFDAF5500569D39 /* Sources */,
				75C78DD62BFDAF5500569D39 /* Frameworks */,
				75C78DD72BFDAF5500569D39 /* Resources */,
			);
			buildRules = (
			);
			dependencies = (
			);
			name = MyDiaryFinal;
			productName = MyDiaryFinal;
			productReference = 75C78DD92BFDAF5500569D39 /* MyDiaryFinal.app */;
			productType = "com.apple.product-type.application";
		};
/* End PBXNativeTarget section */

/* Begin PBXProject section */
		75C78DD12BFDAF5500569D39 /* Project object */ = {
			isa = PBXProject;
			attributes = {
				BuildIndependentTargetsInParallel = 1;
				LastSwiftUpdateCheck = 1520;
				LastUpgradeCheck = 1520;
				TargetAttributes = {
					75C78DD82BFDAF5500569D39 = {
						CreatedOnToolsVersion = 15.2;
					};
				};
			};
			buildConfigurationList = 75C78DD42BFDAF5500569D39 /* Build configuration list for PBXProject "MyDiaryFinal" */;
			compatibilityVersion = "Xcode 14.0";
			developmentRegion = en;
			hasScannedForEncodings = 0;
			knownRegions = (
				en,
				Base,
			);
			mainGroup = 75C78DD02BFDAF5500569D39;
			productRefGroup = 75C78DDA2BFDAF5500569D39 /* Products */;
			projectDirPath = "";
			projectRoot = "";
			targets = (
				75C78DD82BFDAF5500569D39 /* MyDiaryFinal */,
			);
		};
/* End PBXProject section */

/* Begin PBXResourcesBuildPhase section */
		75C78DD72BFDAF5500569D39 /* Resources */ = {
			isa = PBXResourcesBuildPhase;
			buildActionMask = 2147483647;
			files = (
				75C78DE42BFDAF5600569D39 /* Preview Assets.xcassets in Resources */,
				75C78DE12BFDAF5600569D39 /* Assets.xcassets in Resources */,
			);
			runOnlyForDeploymentPostprocessing = 0;
		};
/* End PBXResourcesBuildPhase section */

/* Begin PBXSourcesBuildPhase section */
		75C78DD52BFDAF5500569D39 /* Sources */ = {
			isa = PBXSourcesBuildPhase;
			buildActionMask = 2147483647;
			files = (
				75C78DEB2BFDAF6300569D39 /* JournalEntry.swift in Sources */,
				75C78DF32BFDB21200569D39 /* CalendarView.swift in Sources */,
				75C78DEF2BFDAF9000569D39 /* EntryView.swift in Sources */,
				755605B82BFDC73200E85F3B /* LoadingView.swift in Sources */,
				75C78DF72BFDB80A00569D39 /* JournalEntriesView.swift in Sources */,
				75C78DDF2BFDAF5500569D39 /* ContentView.swift in Sources */,
				75C78DF52BFDB23000569D39 /* ImagePicker.swift in Sources */,
				755605B62BFDC28100E85F3B /* AddEntryView.swift in Sources */,
				75C78DDD2BFDAF5500569D39 /* MyDiaryFinalApp.swift in Sources */,
				75C78DF12BFDB1FC00569D39 /* JournalStore.swift in Sources */,
			);
			runOnlyForDeploymentPostprocessing = 0;
		};
/* End PBXSourcesBuildPhase section */

/* Begin XCBuildConfiguration section */
		75C78DE52BFDAF5600569D39 /* Debug */ = {
			isa = XCBuildConfiguration;
			buildSettings = {
				ALWAYS_SEARCH_USER_PATHS = NO;
				ASSETCATALOG_COMPILER_GENERATE_SWIFT_ASSET_SYMBOL_EXTENSIONS = YES;
				CLANG_ANALYZER_NONNULL = YES;
				CLANG_ANALYZER_NUMBER_OBJECT_CONVERSION = YES_AGGRESSIVE;
				CLANG_CXX_LANGUAGE_STANDARD = "gnu++20";
				CLANG_ENABLE_MODULES = YES;
				CLANG_ENABLE_OBJC_ARC = YES;
				CLANG_ENABLE_OBJC_WEAK = YES;
				CLANG_WARN_BLOCK_CAPTURE_AUTORELEASING = YES;
				CLANG_WARN_BOOL_CONVERSION = YES;
				CLANG_WARN_COMMA = YES;
				CLANG_WARN_CONSTANT_CONVERSION = YES;
				CLANG_WARN_DEPRECATED_OBJC_IMPLEMENTATIONS = YES;
				CLANG_WARN_DIRECT_OBJC_ISA_USAGE = YES_ERROR;
				CLANG_WARN_DOCUMENTATION_COMMENTS = YES;
				CLANG_WARN_EMPTY_BODY = YES;
				CLANG_WARN_ENUM_CONVERSION = YES;
				CLANG_WARN_INFINITE_RECURSION = YES;
				CLANG_WARN_INT_CONVERSION = YES;
				CLANG_WARN_NON_LITERAL_NULL_CONVERSION = YES;
				CLANG_WARN_OBJC_IMPLICIT_RETAIN_SELF = YES;
				CLANG_WARN_OBJC_LITERAL_CONVERSION = YES;
				CLANG_WARN_OBJC_ROOT_CLASS = YES_ERROR;
				CLANG_WARN_QUOTED_INCLUDE_IN_FRAMEWORK_HEADER = YES;
				CLANG_WARN_RANGE_LOOP_ANALYSIS = YES;
				CLANG_WARN_STRICT_PROTOTYPES = YES;
				CLANG_WARN_SUSPICIOUS_MOVE = YES;
				CLANG_WARN_UNGUARDED_AVAILABILITY = YES_AGGRESSIVE;
				CLANG_WARN_UNREACHABLE_CODE = YES;
				CLANG_WARN__DUPLICATE_METHOD_MATCH = YES;
				COPY_PHASE_STRIP = NO;
				DEBUG_INFORMATION_FORMAT = dwarf;
				ENABLE_STRICT_OBJC_MSGSEND = YES;
				ENABLE_TESTABILITY = YES;
				ENABLE_USER_SCRIPT_SANDBOXING = YES;
				GCC_C_LANGUAGE_STANDARD = gnu17;
				GCC_DYNAMIC_NO_PIC = NO;
				GCC_NO_COMMON_BLOCKS = YES;
				GCC_OPTIMIZATION_LEVEL = 0;
				GCC_PREPROCESSOR_DEFINITIONS = (
					"DEBUG=1",
					"$(inherited)",
				);
				GCC_WARN_64_TO_32_BIT_CONVERSION = YES;
				GCC_WARN_ABOUT_RETURN_TYPE = YES_ERROR;
				GCC_WARN_UNDECLARED_SELECTOR = YES;
				GCC_WARN_UNINITIALIZED_AUTOS = YES_AGGRESSIVE;
				GCC_WARN_UNUSED_FUNCTION = YES;
				GCC_WARN_UNUSED_VARIABLE = YES;
				IPHONEOS_DEPLOYMENT_TARGET = 17.2;
				LOCALIZATION_PREFERS_STRING_CATALOGS = YES;
				MTL_ENABLE_DEBUG_INFO = INCLUDE_SOURCE;
				MTL_FAST_MATH = YES;
				ONLY_ACTIVE_ARCH = YES;
				SDKROOT = iphoneos;
				SWIFT_ACTIVE_COMPILATION_CONDITIONS = "DEBUG $(inherited)";
				SWIFT_OPTIMIZATION_LEVEL = "-Onone";
			};
			name = Debug;
		};
		75C78DE62BFDAF5600569D39 /* Release */ = {
			isa = XCBuildConfiguration;
			buildSettings = {
				ALWAYS_SEARCH_USER_PATHS = NO;
				ASSETCATALOG_COMPILER_GENERATE_SWIFT_ASSET_SYMBOL_EXTENSIONS = YES;
				CLANG_ANALYZER_NONNULL = YES;
				CLANG_ANALYZER_NUMBER_OBJECT_CONVERSION = YES_AGGRESSIVE;
				CLANG_CXX_LANGUAGE_STANDARD = "gnu++20";
				CLANG_ENABLE_MODULES = YES;
				CLANG_ENABLE_OBJC_ARC = YES;
				CLANG_ENABLE_OBJC_WEAK = YES;
				CLANG_WARN_BLOCK_CAPTURE_AUTORELEASING = YES;
				CLANG_WARN_BOOL_CONVERSION = YES;
				CLANG_WARN_COMMA = YES;
				CLANG_WARN_CONSTANT_CONVERSION = YES;
				CLANG_WARN_DEPRECATED_OBJC_IMPLEMENTATIONS = YES;
				CLANG_WARN_DIRECT_OBJC_ISA_USAGE = YES_ERROR;
				CLANG_WARN_DOCUMENTATION_COMMENTS = YES;
				CLANG_WARN_EMPTY_BODY = YES;
				CLANG_WARN_ENUM_CONVERSION = YES;
				CLANG_WARN_INFINITE_RECURSION = YES;
				CLANG_WARN_INT_CONVERSION = YES;
				CLANG_WARN_NON_LITERAL_NULL_CONVERSION = YES;
				CLANG_WARN_OBJC_IMPLICIT_RETAIN_SELF = YES;
				CLANG_WARN_OBJC_LITERAL_CONVERSION = YES;
				CLANG_WARN_OBJC_ROOT_CLASS = YES_ERROR;
				CLANG_WARN_QUOTED_INCLUDE_IN_FRAMEWORK_HEADER = YES;
				CLANG_WARN_RANGE_LOOP_ANALYSIS = YES;
				CLANG_WARN_STRICT_PROTOTYPES = YES;
				CLANG_WARN_SUSPICIOUS_MOVE = YES;
				CLANG_WARN_UNGUARDED_AVAILABILITY = YES_AGGRESSIVE;
				CLANG_WARN_UNREACHABLE_CODE = YES;
				CLANG_WARN__DUPLICATE_METHOD_MATCH = YES;
				COPY_PHASE_STRIP = NO;
				DEBUG_INFORMATION_FORMAT = "dwarf-with-dsym";
				ENABLE_NS_ASSERTIONS = NO;
				ENABLE_STRICT_OBJC_MSGSEND = YES;
				ENABLE_USER_SCRIPT_SANDBOXING = YES;
				GCC_C_LANGUAGE_STANDARD = gnu17;
				GCC_NO_COMMON_BLOCKS = YES;
				GCC_WARN_64_TO_32_BIT_CONVERSION = YES;
				GCC_WARN_ABOUT_RETURN_TYPE = YES_ERROR;
				GCC_WARN_UNDECLARED_SELECTOR = YES;
				GCC_WARN_UNINITIALIZED_AUTOS = YES_AGGRESSIVE;
				GCC_WARN_UNUSED_FUNCTION = YES;
				GCC_WARN_UNUSED_VARIABLE = YES;
				IPHONEOS_DEPLOYMENT_TARGET = 17.2;
				LOCALIZATION_PREFERS_STRING_CATALOGS = YES;
				MTL_ENABLE_DEBUG_INFO = NO;
				MTL_FAST_MATH = YES;
				SDKROOT = iphoneos;
				SWIFT_COMPILATION_MODE = wholemodule;
				VALIDATE_PRODUCT = YES;
			};
			name = Release;
		};
		75C78DE82BFDAF5600569D39 /* Debug */ = {
			isa = XCBuildConfiguration;
			buildSettings = {
				ASSETCATALOG_COMPILER_APPICON_NAME = AppIcon;
				ASSETCATALOG_COMPILER_GLOBAL_ACCENT_COLOR_NAME = AccentColor;
				CODE_SIGN_STYLE = Automatic;
				CURRENT_PROJECT_VERSION = 1;
				DEVELOPMENT_ASSET_PATHS = "\"MyDiaryFinal/Preview Content\"";
				DEVELOPMENT_TEAM = 3JF8BP2HWS;
				ENABLE_PREVIEWS = YES;
				GENERATE_INFOPLIST_FILE = YES;
				INFOPLIST_KEY_UIApplicationSceneManifest_Generation = YES;
				INFOPLIST_KEY_UIApplicationSupportsIndirectInputEvents = YES;
				INFOPLIST_KEY_UILaunchScreen_Generation = YES;
				INFOPLIST_KEY_UISupportedInterfaceOrientations_iPad = "UIInterfaceOrientationPortrait UIInterfaceOrientationPortraitUpsideDown UIInterfaceOrientationLandscapeLeft UIInterfaceOrientationLandscapeRight";
				INFOPLIST_KEY_UISupportedInterfaceOrientations_iPhone = "UIInterfaceOrientationPortrait UIInterfaceOrientationLandscapeLeft UIInterfaceOrientationLandscapeRight";
				LD_RUNPATH_SEARCH_PATHS = (
					"$(inherited)",
					"@executable_path/Frameworks",
				);
				MARKETING_VERSION = 1.0;
				PRODUCT_BUNDLE_IDENTIFIER = lalamermer.MyDiaryFinal;
				PRODUCT_NAME = "$(TARGET_NAME)";
				SWIFT_EMIT_LOC_STRINGS = YES;
				SWIFT_VERSION = 5.0;
				TARGETED_DEVICE_FAMILY = "1,2";
			};
			name = Debug;
		};
		75C78DE92BFDAF5600569D39 /* Release */ = {
			isa = XCBuildConfiguration;
			buildSettings = {
				ASSETCATALOG_COMPILER_APPICON_NAME = AppIcon;
				ASSETCATALOG_COMPILER_GLOBAL_ACCENT_COLOR_NAME = AccentColor;
				CODE_SIGN_STYLE = Automatic;
				CURRENT_PROJECT_VERSION = 1;
				DEVELOPMENT_ASSET_PATHS = "\"MyDiaryFinal/Preview Content\"";
				DEVELOPMENT_TEAM = 3JF8BP2HWS;
				ENABLE_PREVIEWS = YES;
				GENERATE_INFOPLIST_FILE = YES;
				INFOPLIST_KEY_UIApplicationSceneManifest_Generation = YES;
				INFOPLIST_KEY_UIApplicationSupportsIndirectInputEvents = YES;
				INFOPLIST_KEY_UILaunchScreen_Generation = YES;
				INFOPLIST_KEY_UISupportedInterfaceOrientations_iPad = "UIInterfaceOrientationPortrait UIInterfaceOrientationPortraitUpsideDown UIInterfaceOrientationLandscapeLeft UIInterfaceOrientationLandscapeRight";
				INFOPLIST_KEY_UISupportedInterfaceOrientations_iPhone = "UIInterfaceOrientationPortrait UIInterfaceOrientationLandscapeLeft UIInterfaceOrientationLandscapeRight";
				LD_RUNPATH_SEARCH_PATHS = (
					"$(inherited)",
					"@executable_path/Frameworks",
				);
				MARKETING_VERSION = 1.0;
				PRODUCT_BUNDLE_IDENTIFIER = lalamermer.MyDiaryFinal;
				PRODUCT_NAME = "$(TARGET_NAME)";
				SWIFT_EMIT_LOC_STRINGS = YES;
				SWIFT_VERSION = 5.0;
				TARGETED_DEVICE_FAMILY = "1,2";
			};
			name = Release;
		};
/* End XCBuildConfiguration section */

/* Begin XCConfigurationList section */
		75C78DD42BFDAF5500569D39 /* Build configuration list for PBXProject "MyDiaryFinal" */ = {
			isa = XCConfigurationList;
			buildConfigurations = (
				75C78DE52BFDAF5600569D39 /* Debug */,
				75C78DE62BFDAF5600569D39 /* Release */,
			);
			defaultConfigurationIsVisible = 0;
			defaultConfigurationName = Release;
		};
		75C78DE72BFDAF5600569D39 /* Build configuration list for PBXNativeTarget "MyDiaryFinal" */ = {
			isa = XCConfigurationList;
			buildConfigurations = (
				75C78DE82BFDAF5600569D39 /* Debug */,
				75C78DE92BFDAF5600569D39 /* Release */,
			);
			defaultConfigurationIsVisible = 0;
			defaultConfigurationName = Release;
		};
/* End XCConfigurationList section */
	};
	rootObject = 75C78DD12BFDAF5500569D39 /* Project object */;
}
